// !$*UTF8*$!
{
	archiveVersion = 1;
	classes = {
	};
	objectVersion = 54;
	objects = {

/* Begin PBXBuildFile section */
		00E356F31AD99517003FC87E /* fypTests.m in Sources */ = {isa = PBXBuildFile; fileRef = 00E356F21AD99517003FC87E /* fypTests.m */; };
		13B07FBC1A68108700A75B9A /* AppDelegate.m in Sources */ = {isa = PBXBuildFile; fileRef = 13B07FB01A68108700A75B9A /* AppDelegate.m */; };
		13B07FBF1A68108700A75B9A /* Images.xcassets in Resources */ = {isa = PBXBuildFile; fileRef = 13B07FB51A68108700A75B9A /* Images.xcassets */; };
		13B07FC11A68108700A75B9A /* main.m in Sources */ = {isa = PBXBuildFile; fileRef = 13B07FB71A68108700A75B9A /* main.m */; };
		81AB9BB82411601600AC10FF /* LaunchScreen.storyboard in Resources */ = {isa = PBXBuildFile; fileRef = 81AB9BB72411601600AC10FF /* LaunchScreen.storyboard */; };
		49FDE74DBF2F4C35BF9F7839 /* AntDesign.ttf in Resources */ = {isa = PBXBuildFile; fileRef = EB27CAB6061B4C1882E73605 /* AntDesign.ttf */; };
		51BA5CA1AC4A4A0E995218DC /* Entypo.ttf in Resources */ = {isa = PBXBuildFile; fileRef = 0F77F3D714714A0892A35827 /* Entypo.ttf */; };
		4441DA0CE225402AAFD3AFD3 /* EvilIcons.ttf in Resources */ = {isa = PBXBuildFile; fileRef = 69F9E5A0B716423497A231F2 /* EvilIcons.ttf */; };
		08DB7F2C800C4EF4A848C57F /* Feather.ttf in Resources */ = {isa = PBXBuildFile; fileRef = C7FD449289DF441093718C14 /* Feather.ttf */; };
		4560F74029A74158BFDF51E7 /* FontAwesome.ttf in Resources */ = {isa = PBXBuildFile; fileRef = BD4BB14C2CEE467C8622E2AC /* FontAwesome.ttf */; };
		BA483D8C5945485FA50274F0 /* FontAwesome5_Brands.ttf in Resources */ = {isa = PBXBuildFile; fileRef = 8DF2E7E0C828470AB9B046E7 /* FontAwesome5_Brands.ttf */; };
		19CEF779F60B4A75B52FF3D6 /* FontAwesome5_Regular.ttf in Resources */ = {isa = PBXBuildFile; fileRef = 9BB0BEADC0654F16A0040366 /* FontAwesome5_Regular.ttf */; };
		422E20966C52441EBDE881F8 /* FontAwesome5_Solid.ttf in Resources */ = {isa = PBXBuildFile; fileRef = 39D109125D7F439987AE3F74 /* FontAwesome5_Solid.ttf */; };
		5B9F4E49ED234171AE08936C /* Fontisto.ttf in Resources */ = {isa = PBXBuildFile; fileRef = CA7129A8D1B6459799FD65CD /* Fontisto.ttf */; };
		6F7415919C984A3FBA4F375C /* Foundation.ttf in Resources */ = {isa = PBXBuildFile; fileRef = F191D502233143B8AADCBF2C /* Foundation.ttf */; };
		67206D9747CF40FC973E2271 /* Ionicons.ttf in Resources */ = {isa = PBXBuildFile; fileRef = 5A2FE1F15E0D46BDAE5D5067 /* Ionicons.ttf */; };
		B2BC0409B0C6482E9C9E9B53 /* MaterialCommunityIcons.ttf in Resources */ = {isa = PBXBuildFile; fileRef = 866480861032435DB86ABF72 /* MaterialCommunityIcons.ttf */; };
		5891AB648AB84999926ADE26 /* MaterialIcons.ttf in Resources */ = {isa = PBXBuildFile; fileRef = 0727A82834194D06B6995678 /* MaterialIcons.ttf */; };
		F28D5B3A83D5471CBDFBEBA9 /* Octicons.ttf in Resources */ = {isa = PBXBuildFile; fileRef = 606E04A108384712810AB615 /* Octicons.ttf */; };
		89D959DBE9E5435E84614FCF /* SimpleLineIcons.ttf in Resources */ = {isa = PBXBuildFile; fileRef = FD74E757C9DA4C248F895670 /* SimpleLineIcons.ttf */; };
		555DC9F3D7524F909A4B6C37 /* Zocial.ttf in Resources */ = {isa = PBXBuildFile; fileRef = F03D84AE8A8445FA8B834CB0 /* Zocial.ttf */; };
		8B747F791FFD4CF591DF4BE4 /* AlegreyaSans-Black.ttf in Resources */ = {isa = PBXBuildFile; fileRef = D77E6AAEE88749E1950D9AD7 /* AlegreyaSans-Black.ttf */; };
		A57E5D5C1BB44F9D8B2FF09D /* AlegreyaSans-BlackItalic.ttf in Resources */ = {isa = PBXBuildFile; fileRef = 883E62BBB76A4C45ACC9E51F /* AlegreyaSans-BlackItalic.ttf */; };
		C960E22118A849A4A51C2B88 /* AlegreyaSans-Bold.ttf in Resources */ = {isa = PBXBuildFile; fileRef = 6D82FBD157564D3BB65C3B43 /* AlegreyaSans-Bold.ttf */; };
		3A8506E2FAC848F99384548F /* AlegreyaSans-BoldItalic.ttf in Resources */ = {isa = PBXBuildFile; fileRef = 2D8B8356C9F94FC681A1976F /* AlegreyaSans-BoldItalic.ttf */; };
		E2C5C397614145BFA6F52CF1 /* AlegreyaSans-ExtraBold.ttf in Resources */ = {isa = PBXBuildFile; fileRef = 09729C5216B041F5948750EA /* AlegreyaSans-ExtraBold.ttf */; };
		F04DCAB4C8C741F48E54ACE3 /* AlegreyaSans-ExtraBoldItalic.ttf in Resources */ = {isa = PBXBuildFile; fileRef = 103673ED7C494BFE8DDD819E /* AlegreyaSans-ExtraBoldItalic.ttf */; };
		284342B0FD154B41B75F78D1 /* AlegreyaSans-Italic.ttf in Resources */ = {isa = PBXBuildFile; fileRef = F5417141B9F84534AE29A56A /* AlegreyaSans-Italic.ttf */; };
		DDAF4EF867964C35BA5B730A /* AlegreyaSans-Light.ttf in Resources */ = {isa = PBXBuildFile; fileRef = A8954F20C81946588891A67A /* AlegreyaSans-Light.ttf */; };
		6F43A32BFCFA4619BEC591A9 /* AlegreyaSans-LightItalic.ttf in Resources */ = {isa = PBXBuildFile; fileRef = B6A4DC07840042A7A48DB3EC /* AlegreyaSans-LightItalic.ttf */; };
		92DD78EDCDB643B5AD947C67 /* AlegreyaSans-Medium.ttf in Resources */ = {isa = PBXBuildFile; fileRef = 7DE1D7F26ED240D79E6249F7 /* AlegreyaSans-Medium.ttf */; };
		46D72870372C4E2E885CEE82 /* AlegreyaSans-MediumItalic.ttf in Resources */ = {isa = PBXBuildFile; fileRef = 47006E54957B468F8B905C65 /* AlegreyaSans-MediumItalic.ttf */; };
		1F42F3CC7FC5480FABB4AFCF /* AlegreyaSans-Regular.ttf in Resources */ = {isa = PBXBuildFile; fileRef = E80F00938ACE46AC88E13EF1 /* AlegreyaSans-Regular.ttf */; };
		FB5E372BAB264BB4A37EF19D /* AlegreyaSans-Thin.ttf in Resources */ = {isa = PBXBuildFile; fileRef = 925BBCCA36154DB69599B463 /* AlegreyaSans-Thin.ttf */; };
		7F460810D8BB4E399D7606AF /* AlegreyaSans-ThinItalic.ttf in Resources */ = {isa = PBXBuildFile; fileRef = 7C47D8E7503D401F8A95879B /* AlegreyaSans-ThinItalic.ttf */; };
		781D2D3061F848DE9914177D /* AlegreyaSans-Black.ttf in Resources */ = {isa = PBXBuildFile; fileRef = 89711B0605534AFE85AAB35F /* AlegreyaSans-Black.ttf */; };
		A3D656EDFC124B958DAFD09F /* AlegreyaSans-BlackItalic.ttf in Resources */ = {isa = PBXBuildFile; fileRef = 6C75C70306C7411AB8293E88 /* AlegreyaSans-BlackItalic.ttf */; };
		FC827C78CDCA453BB95B75B0 /* AlegreyaSans-Bold.ttf in Resources */ = {isa = PBXBuildFile; fileRef = D5BE26D1810D456F83A6DCFE /* AlegreyaSans-Bold.ttf */; };
		D1A33A40AF924BEFB50CB3A5 /* AlegreyaSans-BoldItalic.ttf in Resources */ = {isa = PBXBuildFile; fileRef = 7D054C163A1D4D10A4B77A4B /* AlegreyaSans-BoldItalic.ttf */; };
		6DC56AEE37E04B92AFCC9A42 /* AlegreyaSans-ExtraBold.ttf in Resources */ = {isa = PBXBuildFile; fileRef = EFB4ED37EABB430881A7B20F /* AlegreyaSans-ExtraBold.ttf */; };
		A8791E32741047B8AE3736A6 /* AlegreyaSans-ExtraBoldItalic.ttf in Resources */ = {isa = PBXBuildFile; fileRef = E895331CE62D48FAB68B8443 /* AlegreyaSans-ExtraBoldItalic.ttf */; };
		754166BBB0EC45EA8FD24101 /* AlegreyaSans-Italic.ttf in Resources */ = {isa = PBXBuildFile; fileRef = 6BACCB5AB6F549B0B0738FEF /* AlegreyaSans-Italic.ttf */; };
		0CACD5730DD54E258E73C3D0 /* AlegreyaSans-Light.ttf in Resources */ = {isa = PBXBuildFile; fileRef = CC0DCFF88C97443ABD5F536C /* AlegreyaSans-Light.ttf */; };
		080231A7E9C54DC6B5D3D0C1 /* AlegreyaSans-LightItalic.ttf in Resources */ = {isa = PBXBuildFile; fileRef = 48B2556DC258405C9D39354B /* AlegreyaSans-LightItalic.ttf */; };
		A0EC33F5B9404478A7E2ED66 /* AlegreyaSans-Medium.ttf in Resources */ = {isa = PBXBuildFile; fileRef = 5750F3B4CA5F4E038D760147 /* AlegreyaSans-Medium.ttf */; };
		1D554A450DB141169EB3A731 /* AlegreyaSans-MediumItalic.ttf in Resources */ = {isa = PBXBuildFile; fileRef = 6C44ACCA46F2450DB4F72077 /* AlegreyaSans-MediumItalic.ttf */; };
		FB8B1C430C2C489BB89E0D60 /* AlegreyaSans-Regular.ttf in Resources */ = {isa = PBXBuildFile; fileRef = 7B55107802E146B98C624B14 /* AlegreyaSans-Regular.ttf */; };
		B3C65B3B6BBF49B8AA87E37E /* AlegreyaSans-Thin.ttf in Resources */ = {isa = PBXBuildFile; fileRef = ED5F94F39C524219A753DFF9 /* AlegreyaSans-Thin.ttf */; };
		EA6585926BFC4ACD8AE35892 /* AlegreyaSans-ThinItalic.ttf in Resources */ = {isa = PBXBuildFile; fileRef = 2AD7C8B8FED744E9A1D5CEB0 /* AlegreyaSans-ThinItalic.ttf */; };
		F8016FB9F3724E799943C87C /* AntDesign.ttf in Resources */ = {isa = PBXBuildFile; fileRef = 07B6E5DBBB0A48C29E459AC9 /* AntDesign.ttf */; };
		D94DD2DD8092405EB85087F2 /* Entypo.ttf in Resources */ = {isa = PBXBuildFile; fileRef = CA810F953961443CAF182AAF /* Entypo.ttf */; };
		65B15C570A57426BB96AA101 /* EvilIcons.ttf in Resources */ = {isa = PBXBuildFile; fileRef = 02A26872FEFD46E29737B901 /* EvilIcons.ttf */; };
		6DE33C9CCCD9440FB110312C /* Feather.ttf in Resources */ = {isa = PBXBuildFile; fileRef = 0308A89270F246B09A6C1855 /* Feather.ttf */; };
		1389B456118145A9942C6BE6 /* FontAwesome.ttf in Resources */ = {isa = PBXBuildFile; fileRef = 5F53394861544A828A53887D /* FontAwesome.ttf */; };
		716BBB0D7A7A44689D97F29C /* FontAwesome5_Brands.ttf in Resources */ = {isa = PBXBuildFile; fileRef = FC6B540FF19E4D0CB082B640 /* FontAwesome5_Brands.ttf */; };
		B39D290E4863433393412FB6 /* FontAwesome5_Regular.ttf in Resources */ = {isa = PBXBuildFile; fileRef = C76FDB901EE14FB89A5B49FC /* FontAwesome5_Regular.ttf */; };
		B6BD94D1B3104865A46AC569 /* FontAwesome5_Solid.ttf in Resources */ = {isa = PBXBuildFile; fileRef = B88715B57B024FFDA31F6B1C /* FontAwesome5_Solid.ttf */; };
		BB852258DF584CA1B50A7928 /* Fontisto.ttf in Resources */ = {isa = PBXBuildFile; fileRef = 47F4CEEF3E074F9C96344587 /* Fontisto.ttf */; };
		F396FAC1EB344C198BFDF14E /* Foundation.ttf in Resources */ = {isa = PBXBuildFile; fileRef = 91BCCFA4A2384B2989CCADC6 /* Foundation.ttf */; };
		9F2E68ECB16944298A859E8D /* Ionicons.ttf in Resources */ = {isa = PBXBuildFile; fileRef = 2267ED42197E4A7EA9384B99 /* Ionicons.ttf */; };
		0F42AF84BFEC491C86AAB40D /* MaterialCommunityIcons.ttf in Resources */ = {isa = PBXBuildFile; fileRef = 5E05FF9B2E604EB5946B39C6 /* MaterialCommunityIcons.ttf */; };
		BFF987A23FDE4864812D3C85 /* MaterialIcons.ttf in Resources */ = {isa = PBXBuildFile; fileRef = 2C41E4D65CB648799D7EB015 /* MaterialIcons.ttf */; };
		C2907CD5831D407D9AE473B2 /* Octicons.ttf in Resources */ = {isa = PBXBuildFile; fileRef = 9D7C338B087B491C9EF27D4B /* Octicons.ttf */; };
		A7AD67F6B58C4FC88F333B6B /* SimpleLineIcons.ttf in Resources */ = {isa = PBXBuildFile; fileRef = B38DF88AA11344E1BD90D271 /* SimpleLineIcons.ttf */; };
		335E133D13BD4CE486BD066F /* Zocial.ttf in Resources */ = {isa = PBXBuildFile; fileRef = 0391648AD2F741389CF88A32 /* Zocial.ttf */; };
/* End PBXBuildFile section */

/* Begin PBXContainerItemProxy section */
		00E356F41AD99517003FC87E /* PBXContainerItemProxy */ = {
			isa = PBXContainerItemProxy;
			containerPortal = 83CBB9F71A601CBA00E9B192 /* Project object */;
			proxyType = 1;
			remoteGlobalIDString = 13B07F861A680F5B00A75B9A;
			remoteInfo = fyp;
		};
/* End PBXContainerItemProxy section */

/* Begin PBXFileReference section */
		00E356EE1AD99517003FC87E /* fypTests.xctest */ = {isa = PBXFileReference; explicitFileType = wrapper.cfbundle; includeInIndex = 0; path = fypTests.xctest; sourceTree = BUILT_PRODUCTS_DIR; };
		00E356F11AD99517003FC87E /* Info.plist */ = {isa = PBXFileReference; lastKnownFileType = text.plist.xml; path = Info.plist; sourceTree = "<group>"; };
		00E356F21AD99517003FC87E /* fypTests.m */ = {isa = PBXFileReference; lastKnownFileType = sourcecode.c.objc; path = fypTests.m; sourceTree = "<group>"; };
		13B07F961A680F5B00A75B9A /* fyp.app */ = {isa = PBXFileReference; explicitFileType = wrapper.application; includeInIndex = 0; path = fyp.app; sourceTree = BUILT_PRODUCTS_DIR; };
		13B07FAF1A68108700A75B9A /* AppDelegate.h */ = {isa = PBXFileReference; fileEncoding = 4; lastKnownFileType = sourcecode.c.h; name = AppDelegate.h; path = fyp/AppDelegate.h; sourceTree = "<group>"; };
		13B07FB01A68108700A75B9A /* AppDelegate.m */ = {isa = PBXFileReference; fileEncoding = 4; lastKnownFileType = sourcecode.c.objc; name = AppDelegate.m; path = fyp/AppDelegate.m; sourceTree = "<group>"; };
		13B07FB51A68108700A75B9A /* Images.xcassets */ = {isa = PBXFileReference; lastKnownFileType = folder.assetcatalog; name = Images.xcassets; path = fyp/Images.xcassets; sourceTree = "<group>"; };
		13B07FB61A68108700A75B9A /* Info.plist */ = {isa = PBXFileReference; fileEncoding = 4; lastKnownFileType = text.plist.xml; name = Info.plist; path = fyp/Info.plist; sourceTree = "<group>"; };
		13B07FB71A68108700A75B9A /* main.m */ = {isa = PBXFileReference; fileEncoding = 4; lastKnownFileType = sourcecode.c.objc; name = main.m; path = fyp/main.m; sourceTree = "<group>"; };
		81AB9BB72411601600AC10FF /* LaunchScreen.storyboard */ = {isa = PBXFileReference; fileEncoding = 4; lastKnownFileType = file.storyboard; name = LaunchScreen.storyboard; path = fyp/LaunchScreen.storyboard; sourceTree = "<group>"; };
		ED297162215061F000B7C4FE /* JavaScriptCore.framework */ = {isa = PBXFileReference; lastKnownFileType = wrapper.framework; name = JavaScriptCore.framework; path = System/Library/Frameworks/JavaScriptCore.framework; sourceTree = SDKROOT; };
		EB27CAB6061B4C1882E73605 /* AntDesign.ttf */ = {isa = PBXFileReference; name = "AntDesign.ttf"; path = "../node_modules/react-native-vector-icons/Fonts/AntDesign.ttf"; sourceTree = "<group>"; fileEncoding = undefined; lastKnownFileType = unknown; explicitFileType = undefined; includeInIndex = 0; };
		0F77F3D714714A0892A35827 /* Entypo.ttf */ = {isa = PBXFileReference; name = "Entypo.ttf"; path = "../node_modules/react-native-vector-icons/Fonts/Entypo.ttf"; sourceTree = "<group>"; fileEncoding = undefined; lastKnownFileType = unknown; explicitFileType = undefined; includeInIndex = 0; };
		69F9E5A0B716423497A231F2 /* EvilIcons.ttf */ = {isa = PBXFileReference; name = "EvilIcons.ttf"; path = "../node_modules/react-native-vector-icons/Fonts/EvilIcons.ttf"; sourceTree = "<group>"; fileEncoding = undefined; lastKnownFileType = unknown; explicitFileType = undefined; includeInIndex = 0; };
		C7FD449289DF441093718C14 /* Feather.ttf */ = {isa = PBXFileReference; name = "Feather.ttf"; path = "../node_modules/react-native-vector-icons/Fonts/Feather.ttf"; sourceTree = "<group>"; fileEncoding = undefined; lastKnownFileType = unknown; explicitFileType = undefined; includeInIndex = 0; };
		BD4BB14C2CEE467C8622E2AC /* FontAwesome.ttf */ = {isa = PBXFileReference; name = "FontAwesome.ttf"; path = "../node_modules/react-native-vector-icons/Fonts/FontAwesome.ttf"; sourceTree = "<group>"; fileEncoding = undefined; lastKnownFileType = unknown; explicitFileType = undefined; includeInIndex = 0; };
		8DF2E7E0C828470AB9B046E7 /* FontAwesome5_Brands.ttf */ = {isa = PBXFileReference; name = "FontAwesome5_Brands.ttf"; path = "../node_modules/react-native-vector-icons/Fonts/FontAwesome5_Brands.ttf"; sourceTree = "<group>"; fileEncoding = undefined; lastKnownFileType = unknown; explicitFileType = undefined; includeInIndex = 0; };
		9BB0BEADC0654F16A0040366 /* FontAwesome5_Regular.ttf */ = {isa = PBXFileReference; name = "FontAwesome5_Regular.ttf"; path = "../node_modules/react-native-vector-icons/Fonts/FontAwesome5_Regular.ttf"; sourceTree = "<group>"; fileEncoding = undefined; lastKnownFileType = unknown; explicitFileType = undefined; includeInIndex = 0; };
		39D109125D7F439987AE3F74 /* FontAwesome5_Solid.ttf */ = {isa = PBXFileReference; name = "FontAwesome5_Solid.ttf"; path = "../node_modules/react-native-vector-icons/Fonts/FontAwesome5_Solid.ttf"; sourceTree = "<group>"; fileEncoding = undefined; lastKnownFileType = unknown; explicitFileType = undefined; includeInIndex = 0; };
		CA7129A8D1B6459799FD65CD /* Fontisto.ttf */ = {isa = PBXFileReference; name = "Fontisto.ttf"; path = "../node_modules/react-native-vector-icons/Fonts/Fontisto.ttf"; sourceTree = "<group>"; fileEncoding = undefined; lastKnownFileType = unknown; explicitFileType = undefined; includeInIndex = 0; };
		F191D502233143B8AADCBF2C /* Foundation.ttf */ = {isa = PBXFileReference; name = "Foundation.ttf"; path = "../node_modules/react-native-vector-icons/Fonts/Foundation.ttf"; sourceTree = "<group>"; fileEncoding = undefined; lastKnownFileType = unknown; explicitFileType = undefined; includeInIndex = 0; };
		5A2FE1F15E0D46BDAE5D5067 /* Ionicons.ttf */ = {isa = PBXFileReference; name = "Ionicons.ttf"; path = "../node_modules/react-native-vector-icons/Fonts/Ionicons.ttf"; sourceTree = "<group>"; fileEncoding = undefined; lastKnownFileType = unknown; explicitFileType = undefined; includeInIndex = 0; };
		866480861032435DB86ABF72 /* MaterialCommunityIcons.ttf */ = {isa = PBXFileReference; name = "MaterialCommunityIcons.ttf"; path = "../node_modules/react-native-vector-icons/Fonts/MaterialCommunityIcons.ttf"; sourceTree = "<group>"; fileEncoding = undefined; lastKnownFileType = unknown; explicitFileType = undefined; includeInIndex = 0; };
		0727A82834194D06B6995678 /* MaterialIcons.ttf */ = {isa = PBXFileReference; name = "MaterialIcons.ttf"; path = "../node_modules/react-native-vector-icons/Fonts/MaterialIcons.ttf"; sourceTree = "<group>"; fileEncoding = undefined; lastKnownFileType = unknown; explicitFileType = undefined; includeInIndex = 0; };
		606E04A108384712810AB615 /* Octicons.ttf */ = {isa = PBXFileReference; name = "Octicons.ttf"; path = "../node_modules/react-native-vector-icons/Fonts/Octicons.ttf"; sourceTree = "<group>"; fileEncoding = undefined; lastKnownFileType = unknown; explicitFileType = undefined; includeInIndex = 0; };
		FD74E757C9DA4C248F895670 /* SimpleLineIcons.ttf */ = {isa = PBXFileReference; name = "SimpleLineIcons.ttf"; path = "../node_modules/react-native-vector-icons/Fonts/SimpleLineIcons.ttf"; sourceTree = "<group>"; fileEncoding = undefined; lastKnownFileType = unknown; explicitFileType = undefined; includeInIndex = 0; };
		F03D84AE8A8445FA8B834CB0 /* Zocial.ttf */ = {isa = PBXFileReference; name = "Zocial.ttf"; path = "../node_modules/react-native-vector-icons/Fonts/Zocial.ttf"; sourceTree = "<group>"; fileEncoding = undefined; lastKnownFileType = unknown; explicitFileType = undefined; includeInIndex = 0; };
		D77E6AAEE88749E1950D9AD7 /* AlegreyaSans-Black.ttf */ = {isa = PBXFileReference; name = "AlegreyaSans-Black.ttf"; path = "../assets/fonts/Alegreya_Sans/AlegreyaSans-Black.ttf"; sourceTree = "<group>"; fileEncoding = undefined; lastKnownFileType = unknown; explicitFileType = undefined; includeInIndex = 0; };
		883E62BBB76A4C45ACC9E51F /* AlegreyaSans-BlackItalic.ttf */ = {isa = PBXFileReference; name = "AlegreyaSans-BlackItalic.ttf"; path = "../assets/fonts/Alegreya_Sans/AlegreyaSans-BlackItalic.ttf"; sourceTree = "<group>"; fileEncoding = undefined; lastKnownFileType = unknown; explicitFileType = undefined; includeInIndex = 0; };
		6D82FBD157564D3BB65C3B43 /* AlegreyaSans-Bold.ttf */ = {isa = PBXFileReference; name = "AlegreyaSans-Bold.ttf"; path = "../assets/fonts/Alegreya_Sans/AlegreyaSans-Bold.ttf"; sourceTree = "<group>"; fileEncoding = undefined; lastKnownFileType = unknown; explicitFileType = undefined; includeInIndex = 0; };
		2D8B8356C9F94FC681A1976F /* AlegreyaSans-BoldItalic.ttf */ = {isa = PBXFileReference; name = "AlegreyaSans-BoldItalic.ttf"; path = "../assets/fonts/Alegreya_Sans/AlegreyaSans-BoldItalic.ttf"; sourceTree = "<group>"; fileEncoding = undefined; lastKnownFileType = unknown; explicitFileType = undefined; includeInIndex = 0; };
		09729C5216B041F5948750EA /* AlegreyaSans-ExtraBold.ttf */ = {isa = PBXFileReference; name = "AlegreyaSans-ExtraBold.ttf"; path = "../assets/fonts/Alegreya_Sans/AlegreyaSans-ExtraBold.ttf"; sourceTree = "<group>"; fileEncoding = undefined; lastKnownFileType = unknown; explicitFileType = undefined; includeInIndex = 0; };
		103673ED7C494BFE8DDD819E /* AlegreyaSans-ExtraBoldItalic.ttf */ = {isa = PBXFileReference; name = "AlegreyaSans-ExtraBoldItalic.ttf"; path = "../assets/fonts/Alegreya_Sans/AlegreyaSans-ExtraBoldItalic.ttf"; sourceTree = "<group>"; fileEncoding = undefined; lastKnownFileType = unknown; explicitFileType = undefined; includeInIndex = 0; };
		F5417141B9F84534AE29A56A /* AlegreyaSans-Italic.ttf */ = {isa = PBXFileReference; name = "AlegreyaSans-Italic.ttf"; path = "../assets/fonts/Alegreya_Sans/AlegreyaSans-Italic.ttf"; sourceTree = "<group>"; fileEncoding = undefined; lastKnownFileType = unknown; explicitFileType = undefined; includeInIndex = 0; };
		A8954F20C81946588891A67A /* AlegreyaSans-Light.ttf */ = {isa = PBXFileReference; name = "AlegreyaSans-Light.ttf"; path = "../assets/fonts/Alegreya_Sans/AlegreyaSans-Light.ttf"; sourceTree = "<group>"; fileEncoding = undefined; lastKnownFileType = unknown; explicitFileType = undefined; includeInIndex = 0; };
		B6A4DC07840042A7A48DB3EC /* AlegreyaSans-LightItalic.ttf */ = {isa = PBXFileReference; name = "AlegreyaSans-LightItalic.ttf"; path = "../assets/fonts/Alegreya_Sans/AlegreyaSans-LightItalic.ttf"; sourceTree = "<group>"; fileEncoding = undefined; lastKnownFileType = unknown; explicitFileType = undefined; includeInIndex = 0; };
		7DE1D7F26ED240D79E6249F7 /* AlegreyaSans-Medium.ttf */ = {isa = PBXFileReference; name = "AlegreyaSans-Medium.ttf"; path = "../assets/fonts/Alegreya_Sans/AlegreyaSans-Medium.ttf"; sourceTree = "<group>"; fileEncoding = undefined; lastKnownFileType = unknown; explicitFileType = undefined; includeInIndex = 0; };
		47006E54957B468F8B905C65 /* AlegreyaSans-MediumItalic.ttf */ = {isa = PBXFileReference; name = "AlegreyaSans-MediumItalic.ttf"; path = "../assets/fonts/Alegreya_Sans/AlegreyaSans-MediumItalic.ttf"; sourceTree = "<group>"; fileEncoding = undefined; lastKnownFileType = unknown; explicitFileType = undefined; includeInIndex = 0; };
		E80F00938ACE46AC88E13EF1 /* AlegreyaSans-Regular.ttf */ = {isa = PBXFileReference; name = "AlegreyaSans-Regular.ttf"; path = "../assets/fonts/Alegreya_Sans/AlegreyaSans-Regular.ttf"; sourceTree = "<group>"; fileEncoding = undefined; lastKnownFileType = unknown; explicitFileType = undefined; includeInIndex = 0; };
		925BBCCA36154DB69599B463 /* AlegreyaSans-Thin.ttf */ = {isa = PBXFileReference; name = "AlegreyaSans-Thin.ttf"; path = "../assets/fonts/Alegreya_Sans/AlegreyaSans-Thin.ttf"; sourceTree = "<group>"; fileEncoding = undefined; lastKnownFileType = unknown; explicitFileType = undefined; includeInIndex = 0; };
		7C47D8E7503D401F8A95879B /* AlegreyaSans-ThinItalic.ttf */ = {isa = PBXFileReference; name = "AlegreyaSans-ThinItalic.ttf"; path = "../assets/fonts/Alegreya_Sans/AlegreyaSans-ThinItalic.ttf"; sourceTree = "<group>"; fileEncoding = undefined; lastKnownFileType = unknown; explicitFileType = undefined; includeInIndex = 0; };
		89711B0605534AFE85AAB35F /* AlegreyaSans-Black.ttf */ = {isa = PBXFileReference; name = "AlegreyaSans-Black.ttf"; path = "../android/app/src/main/assets/fonts/AlegreyaSans-Black.ttf"; sourceTree = "<group>"; fileEncoding = undefined; lastKnownFileType = unknown; explicitFileType = undefined; includeInIndex = 0; };
		6C75C70306C7411AB8293E88 /* AlegreyaSans-BlackItalic.ttf */ = {isa = PBXFileReference; name = "AlegreyaSans-BlackItalic.ttf"; path = "../android/app/src/main/assets/fonts/AlegreyaSans-BlackItalic.ttf"; sourceTree = "<group>"; fileEncoding = undefined; lastKnownFileType = unknown; explicitFileType = undefined; includeInIndex = 0; };
		D5BE26D1810D456F83A6DCFE /* AlegreyaSans-Bold.ttf */ = {isa = PBXFileReference; name = "AlegreyaSans-Bold.ttf"; path = "../android/app/src/main/assets/fonts/AlegreyaSans-Bold.ttf"; sourceTree = "<group>"; fileEncoding = undefined; lastKnownFileType = unknown; explicitFileType = undefined; includeInIndex = 0; };
		7D054C163A1D4D10A4B77A4B /* AlegreyaSans-BoldItalic.ttf */ = {isa = PBXFileReference; name = "AlegreyaSans-BoldItalic.ttf"; path = "../android/app/src/main/assets/fonts/AlegreyaSans-BoldItalic.ttf"; sourceTree = "<group>"; fileEncoding = undefined; lastKnownFileType = unknown; explicitFileType = undefined; includeInIndex = 0; };
		EFB4ED37EABB430881A7B20F /* AlegreyaSans-ExtraBold.ttf */ = {isa = PBXFileReference; name = "AlegreyaSans-ExtraBold.ttf"; path = "../android/app/src/main/assets/fonts/AlegreyaSans-ExtraBold.ttf"; sourceTree = "<group>"; fileEncoding = undefined; lastKnownFileType = unknown; explicitFileType = undefined; includeInIndex = 0; };
		E895331CE62D48FAB68B8443 /* AlegreyaSans-ExtraBoldItalic.ttf */ = {isa = PBXFileReference; name = "AlegreyaSans-ExtraBoldItalic.ttf"; path = "../android/app/src/main/assets/fonts/AlegreyaSans-ExtraBoldItalic.ttf"; sourceTree = "<group>"; fileEncoding = undefined; lastKnownFileType = unknown; explicitFileType = undefined; includeInIndex = 0; };
		6BACCB5AB6F549B0B0738FEF /* AlegreyaSans-Italic.ttf */ = {isa = PBXFileReference; name = "AlegreyaSans-Italic.ttf"; path = "../android/app/src/main/assets/fonts/AlegreyaSans-Italic.ttf"; sourceTree = "<group>"; fileEncoding = undefined; lastKnownFileType = unknown; explicitFileType = undefined; includeInIndex = 0; };
		CC0DCFF88C97443ABD5F536C /* AlegreyaSans-Light.ttf */ = {isa = PBXFileReference; name = "AlegreyaSans-Light.ttf"; path = "../android/app/src/main/assets/fonts/AlegreyaSans-Light.ttf"; sourceTree = "<group>"; fileEncoding = undefined; lastKnownFileType = unknown; explicitFileType = undefined; includeInIndex = 0; };
		48B2556DC258405C9D39354B /* AlegreyaSans-LightItalic.ttf */ = {isa = PBXFileReference; name = "AlegreyaSans-LightItalic.ttf"; path = "../android/app/src/main/assets/fonts/AlegreyaSans-LightItalic.ttf"; sourceTree = "<group>"; fileEncoding = undefined; lastKnownFileType = unknown; explicitFileType = undefined; includeInIndex = 0; };
		5750F3B4CA5F4E038D760147 /* AlegreyaSans-Medium.ttf */ = {isa = PBXFileReference; name = "AlegreyaSans-Medium.ttf"; path = "../android/app/src/main/assets/fonts/AlegreyaSans-Medium.ttf"; sourceTree = "<group>"; fileEncoding = undefined; lastKnownFileType = unknown; explicitFileType = undefined; includeInIndex = 0; };
		6C44ACCA46F2450DB4F72077 /* AlegreyaSans-MediumItalic.ttf */ = {isa = PBXFileReference; name = "AlegreyaSans-MediumItalic.ttf"; path = "../android/app/src/main/assets/fonts/AlegreyaSans-MediumItalic.ttf"; sourceTree = "<group>"; fileEncoding = undefined; lastKnownFileType = unknown; explicitFileType = undefined; includeInIndex = 0; };
		7B55107802E146B98C624B14 /* AlegreyaSans-Regular.ttf */ = {isa = PBXFileReference; name = "AlegreyaSans-Regular.ttf"; path = "../android/app/src/main/assets/fonts/AlegreyaSans-Regular.ttf"; sourceTree = "<group>"; fileEncoding = undefined; lastKnownFileType = unknown; explicitFileType = undefined; includeInIndex = 0; };
		ED5F94F39C524219A753DFF9 /* AlegreyaSans-Thin.ttf */ = {isa = PBXFileReference; name = "AlegreyaSans-Thin.ttf"; path = "../android/app/src/main/assets/fonts/AlegreyaSans-Thin.ttf"; sourceTree = "<group>"; fileEncoding = undefined; lastKnownFileType = unknown; explicitFileType = undefined; includeInIndex = 0; };
		2AD7C8B8FED744E9A1D5CEB0 /* AlegreyaSans-ThinItalic.ttf */ = {isa = PBXFileReference; name = "AlegreyaSans-ThinItalic.ttf"; path = "../android/app/src/main/assets/fonts/AlegreyaSans-ThinItalic.ttf"; sourceTree = "<group>"; fileEncoding = undefined; lastKnownFileType = unknown; explicitFileType = undefined; includeInIndex = 0; };
		07B6E5DBBB0A48C29E459AC9 /* AntDesign.ttf */ = {isa = PBXFileReference; name = "AntDesign.ttf"; path = "../android/app/src/main/assets/fonts/AntDesign.ttf"; sourceTree = "<group>"; fileEncoding = undefined; lastKnownFileType = unknown; explicitFileType = undefined; includeInIndex = 0; };
		CA810F953961443CAF182AAF /* Entypo.ttf */ = {isa = PBXFileReference; name = "Entypo.ttf"; path = "../android/app/src/main/assets/fonts/Entypo.ttf"; sourceTree = "<group>"; fileEncoding = undefined; lastKnownFileType = unknown; explicitFileType = undefined; includeInIndex = 0; };
		02A26872FEFD46E29737B901 /* EvilIcons.ttf */ = {isa = PBXFileReference; name = "EvilIcons.ttf"; path = "../android/app/src/main/assets/fonts/EvilIcons.ttf"; sourceTree = "<group>"; fileEncoding = undefined; lastKnownFileType = unknown; explicitFileType = undefined; includeInIndex = 0; };
		0308A89270F246B09A6C1855 /* Feather.ttf */ = {isa = PBXFileReference; name = "Feather.ttf"; path = "../android/app/src/main/assets/fonts/Feather.ttf"; sourceTree = "<group>"; fileEncoding = undefined; lastKnownFileType = unknown; explicitFileType = undefined; includeInIndex = 0; };
		5F53394861544A828A53887D /* FontAwesome.ttf */ = {isa = PBXFileReference; name = "FontAwesome.ttf"; path = "../android/app/src/main/assets/fonts/FontAwesome.ttf"; sourceTree = "<group>"; fileEncoding = undefined; lastKnownFileType = unknown; explicitFileType = undefined; includeInIndex = 0; };
		FC6B540FF19E4D0CB082B640 /* FontAwesome5_Brands.ttf */ = {isa = PBXFileReference; name = "FontAwesome5_Brands.ttf"; path = "../android/app/src/main/assets/fonts/FontAwesome5_Brands.ttf"; sourceTree = "<group>"; fileEncoding = undefined; lastKnownFileType = unknown; explicitFileType = undefined; includeInIndex = 0; };
		C76FDB901EE14FB89A5B49FC /* FontAwesome5_Regular.ttf */ = {isa = PBXFileReference; name = "FontAwesome5_Regular.ttf"; path = "../android/app/src/main/assets/fonts/FontAwesome5_Regular.ttf"; sourceTree = "<group>"; fileEncoding = undefined; lastKnownFileType = unknown; explicitFileType = undefined; includeInIndex = 0; };
		B88715B57B024FFDA31F6B1C /* FontAwesome5_Solid.ttf */ = {isa = PBXFileReference; name = "FontAwesome5_Solid.ttf"; path = "../android/app/src/main/assets/fonts/FontAwesome5_Solid.ttf"; sourceTree = "<group>"; fileEncoding = undefined; lastKnownFileType = unknown; explicitFileType = undefined; includeInIndex = 0; };
		47F4CEEF3E074F9C96344587 /* Fontisto.ttf */ = {isa = PBXFileReference; name = "Fontisto.ttf"; path = "../android/app/src/main/assets/fonts/Fontisto.ttf"; sourceTree = "<group>"; fileEncoding = undefined; lastKnownFileType = unknown; explicitFileType = undefined; includeInIndex = 0; };
		91BCCFA4A2384B2989CCADC6 /* Foundation.ttf */ = {isa = PBXFileReference; name = "Foundation.ttf"; path = "../android/app/src/main/assets/fonts/Foundation.ttf"; sourceTree = "<group>"; fileEncoding = undefined; lastKnownFileType = unknown; explicitFileType = undefined; includeInIndex = 0; };
		2267ED42197E4A7EA9384B99 /* Ionicons.ttf */ = {isa = PBXFileReference; name = "Ionicons.ttf"; path = "../android/app/src/main/assets/fonts/Ionicons.ttf"; sourceTree = "<group>"; fileEncoding = undefined; lastKnownFileType = unknown; explicitFileType = undefined; includeInIndex = 0; };
		5E05FF9B2E604EB5946B39C6 /* MaterialCommunityIcons.ttf */ = {isa = PBXFileReference; name = "MaterialCommunityIcons.ttf"; path = "../android/app/src/main/assets/fonts/MaterialCommunityIcons.ttf"; sourceTree = "<group>"; fileEncoding = undefined; lastKnownFileType = unknown; explicitFileType = undefined; includeInIndex = 0; };
		2C41E4D65CB648799D7EB015 /* MaterialIcons.ttf */ = {isa = PBXFileReference; name = "MaterialIcons.ttf"; path = "../android/app/src/main/assets/fonts/MaterialIcons.ttf"; sourceTree = "<group>"; fileEncoding = undefined; lastKnownFileType = unknown; explicitFileType = undefined; includeInIndex = 0; };
		9D7C338B087B491C9EF27D4B /* Octicons.ttf */ = {isa = PBXFileReference; name = "Octicons.ttf"; path = "../android/app/src/main/assets/fonts/Octicons.ttf"; sourceTree = "<group>"; fileEncoding = undefined; lastKnownFileType = unknown; explicitFileType = undefined; includeInIndex = 0; };
		B38DF88AA11344E1BD90D271 /* SimpleLineIcons.ttf */ = {isa = PBXFileReference; name = "SimpleLineIcons.ttf"; path = "../android/app/src/main/assets/fonts/SimpleLineIcons.ttf"; sourceTree = "<group>"; fileEncoding = undefined; lastKnownFileType = unknown; explicitFileType = undefined; includeInIndex = 0; };
		0391648AD2F741389CF88A32 /* Zocial.ttf */ = {isa = PBXFileReference; name = "Zocial.ttf"; path = "../android/app/src/main/assets/fonts/Zocial.ttf"; sourceTree = "<group>"; fileEncoding = undefined; lastKnownFileType = unknown; explicitFileType = undefined; includeInIndex = 0; };
/* End PBXFileReference section */

/* Begin PBXFrameworksBuildPhase section */
		00E356EB1AD99517003FC87E /* Frameworks */ = {
			isa = PBXFrameworksBuildPhase;
			buildActionMask = 2147483647;
			files = (
			);
			runOnlyForDeploymentPostprocessing = 0;
		};
		13B07F8C1A680F5B00A75B9A /* Frameworks */ = {
			isa = PBXFrameworksBuildPhase;
			buildActionMask = 2147483647;
			files = (
			);
			runOnlyForDeploymentPostprocessing = 0;
		};
/* End PBXFrameworksBuildPhase section */

/* Begin PBXGroup section */
		00E356EF1AD99517003FC87E /* fypTests */ = {
			isa = PBXGroup;
			children = (
				00E356F21AD99517003FC87E /* fypTests.m */,
				00E356F01AD99517003FC87E /* Supporting Files */,
			);
			path = fypTests;
			sourceTree = "<group>";
		};
		00E356F01AD99517003FC87E /* Supporting Files */ = {
			isa = PBXGroup;
			children = (
				00E356F11AD99517003FC87E /* Info.plist */,
			);
			name = "Supporting Files";
			sourceTree = "<group>";
		};
		13B07FAE1A68108700A75B9A /* fyp */ = {
			isa = PBXGroup;
			children = (
				13B07FAF1A68108700A75B9A /* AppDelegate.h */,
				13B07FB01A68108700A75B9A /* AppDelegate.m */,
				13B07FB51A68108700A75B9A /* Images.xcassets */,
				13B07FB61A68108700A75B9A /* Info.plist */,
				81AB9BB72411601600AC10FF /* LaunchScreen.storyboard */,
				13B07FB71A68108700A75B9A /* main.m */,
			);
			name = fyp;
			sourceTree = "<group>";
		};
		2D16E6871FA4F8E400B85C8A /* Frameworks */ = {
			isa = PBXGroup;
			children = (
				ED297162215061F000B7C4FE /* JavaScriptCore.framework */,
			);
			name = Frameworks;
			sourceTree = "<group>";
		};
		832341AE1AAA6A7D00B99B32 /* Libraries */ = {
			isa = PBXGroup;
			children = (
			);
			name = Libraries;
			sourceTree = "<group>";
		};
		83CBB9F61A601CBA00E9B192 = {
			isa = PBXGroup;
			children = (
				13B07FAE1A68108700A75B9A /* fyp */,
				832341AE1AAA6A7D00B99B32 /* Libraries */,
				00E356EF1AD99517003FC87E /* fypTests */,
				83CBBA001A601CBA00E9B192 /* Products */,
				2D16E6871FA4F8E400B85C8A /* Frameworks */,
				D414C59C2739412CA36155A7 /* Resources */,
			);
			indentWidth = 2;
			sourceTree = "<group>";
			tabWidth = 2;
			usesTabs = 0;
		};
		83CBBA001A601CBA00E9B192 /* Products */ = {
			isa = PBXGroup;
			children = (
				13B07F961A680F5B00A75B9A /* fyp.app */,
				00E356EE1AD99517003FC87E /* fypTests.xctest */,
			);
			name = Products;
			sourceTree = "<group>";
		};
		D414C59C2739412CA36155A7 /* Resources */ = {
			isa = "PBXGroup";
			children = (
				EB27CAB6061B4C1882E73605 /* AntDesign.ttf */,
				0F77F3D714714A0892A35827 /* Entypo.ttf */,
				69F9E5A0B716423497A231F2 /* EvilIcons.ttf */,
				C7FD449289DF441093718C14 /* Feather.ttf */,
				BD4BB14C2CEE467C8622E2AC /* FontAwesome.ttf */,
				8DF2E7E0C828470AB9B046E7 /* FontAwesome5_Brands.ttf */,
				9BB0BEADC0654F16A0040366 /* FontAwesome5_Regular.ttf */,
				39D109125D7F439987AE3F74 /* FontAwesome5_Solid.ttf */,
				CA7129A8D1B6459799FD65CD /* Fontisto.ttf */,
				F191D502233143B8AADCBF2C /* Foundation.ttf */,
				5A2FE1F15E0D46BDAE5D5067 /* Ionicons.ttf */,
				866480861032435DB86ABF72 /* MaterialCommunityIcons.ttf */,
				0727A82834194D06B6995678 /* MaterialIcons.ttf */,
				606E04A108384712810AB615 /* Octicons.ttf */,
				FD74E757C9DA4C248F895670 /* SimpleLineIcons.ttf */,
				F03D84AE8A8445FA8B834CB0 /* Zocial.ttf */,
				D77E6AAEE88749E1950D9AD7 /* AlegreyaSans-Black.ttf */,
				883E62BBB76A4C45ACC9E51F /* AlegreyaSans-BlackItalic.ttf */,
				6D82FBD157564D3BB65C3B43 /* AlegreyaSans-Bold.ttf */,
				2D8B8356C9F94FC681A1976F /* AlegreyaSans-BoldItalic.ttf */,
				09729C5216B041F5948750EA /* AlegreyaSans-ExtraBold.ttf */,
				103673ED7C494BFE8DDD819E /* AlegreyaSans-ExtraBoldItalic.ttf */,
				F5417141B9F84534AE29A56A /* AlegreyaSans-Italic.ttf */,
				A8954F20C81946588891A67A /* AlegreyaSans-Light.ttf */,
				B6A4DC07840042A7A48DB3EC /* AlegreyaSans-LightItalic.ttf */,
				7DE1D7F26ED240D79E6249F7 /* AlegreyaSans-Medium.ttf */,
				47006E54957B468F8B905C65 /* AlegreyaSans-MediumItalic.ttf */,
				E80F00938ACE46AC88E13EF1 /* AlegreyaSans-Regular.ttf */,
				925BBCCA36154DB69599B463 /* AlegreyaSans-Thin.ttf */,
				7C47D8E7503D401F8A95879B /* AlegreyaSans-ThinItalic.ttf */,
				89711B0605534AFE85AAB35F /* AlegreyaSans-Black.ttf */,
				6C75C70306C7411AB8293E88 /* AlegreyaSans-BlackItalic.ttf */,
				D5BE26D1810D456F83A6DCFE /* AlegreyaSans-Bold.ttf */,
				7D054C163A1D4D10A4B77A4B /* AlegreyaSans-BoldItalic.ttf */,
				EFB4ED37EABB430881A7B20F /* AlegreyaSans-ExtraBold.ttf */,
				E895331CE62D48FAB68B8443 /* AlegreyaSans-ExtraBoldItalic.ttf */,
				6BACCB5AB6F549B0B0738FEF /* AlegreyaSans-Italic.ttf */,
				CC0DCFF88C97443ABD5F536C /* AlegreyaSans-Light.ttf */,
				48B2556DC258405C9D39354B /* AlegreyaSans-LightItalic.ttf */,
				5750F3B4CA5F4E038D760147 /* AlegreyaSans-Medium.ttf */,
				6C44ACCA46F2450DB4F72077 /* AlegreyaSans-MediumItalic.ttf */,
				7B55107802E146B98C624B14 /* AlegreyaSans-Regular.ttf */,
				ED5F94F39C524219A753DFF9 /* AlegreyaSans-Thin.ttf */,
				2AD7C8B8FED744E9A1D5CEB0 /* AlegreyaSans-ThinItalic.ttf */,
				07B6E5DBBB0A48C29E459AC9 /* AntDesign.ttf */,
				CA810F953961443CAF182AAF /* Entypo.ttf */,
				02A26872FEFD46E29737B901 /* EvilIcons.ttf */,
				0308A89270F246B09A6C1855 /* Feather.ttf */,
				5F53394861544A828A53887D /* FontAwesome.ttf */,
				FC6B540FF19E4D0CB082B640 /* FontAwesome5_Brands.ttf */,
				C76FDB901EE14FB89A5B49FC /* FontAwesome5_Regular.ttf */,
				B88715B57B024FFDA31F6B1C /* FontAwesome5_Solid.ttf */,
				47F4CEEF3E074F9C96344587 /* Fontisto.ttf */,
				91BCCFA4A2384B2989CCADC6 /* Foundation.ttf */,
				2267ED42197E4A7EA9384B99 /* Ionicons.ttf */,
				5E05FF9B2E604EB5946B39C6 /* MaterialCommunityIcons.ttf */,
				2C41E4D65CB648799D7EB015 /* MaterialIcons.ttf */,
				9D7C338B087B491C9EF27D4B /* Octicons.ttf */,
				B38DF88AA11344E1BD90D271 /* SimpleLineIcons.ttf */,
				0391648AD2F741389CF88A32 /* Zocial.ttf */,
			);
			name = Resources;
			sourceTree = "<group>";
			path = "";
		};
/* End PBXGroup section */

/* Begin PBXNativeTarget section */
		00E356ED1AD99517003FC87E /* fypTests */ = {
			isa = PBXNativeTarget;
			buildConfigurationList = 00E357021AD99517003FC87E /* Build configuration list for PBXNativeTarget "fypTests" */;
			buildPhases = (
				00E356EA1AD99517003FC87E /* Sources */,
				00E356EB1AD99517003FC87E /* Frameworks */,
				00E356EC1AD99517003FC87E /* Resources */,
			);
			buildRules = (
			);
			dependencies = (
				00E356F51AD99517003FC87E /* PBXTargetDependency */,
			);
			name = fypTests;
			productName = fypTests;
			productReference = 00E356EE1AD99517003FC87E /* fypTests.xctest */;
			productType = "com.apple.product-type.bundle.unit-test";
		};
		13B07F861A680F5B00A75B9A /* fyp */ = {
			isa = PBXNativeTarget;
			buildConfigurationList = 13B07F931A680F5B00A75B9A /* Build configuration list for PBXNativeTarget "fyp" */;
			buildPhases = (
				FD10A7F022414F080027D42C /* Start Packager */,
				13B07F871A680F5B00A75B9A /* Sources */,
				13B07F8C1A680F5B00A75B9A /* Frameworks */,
				13B07F8E1A680F5B00A75B9A /* Resources */,
				00DD1BFF1BD5951E006B06BC /* Bundle React Native code and images */,
			);
			buildRules = (
			);
			dependencies = (
			);
			name = fyp;
			productName = fyp;
			productReference = 13B07F961A680F5B00A75B9A /* fyp.app */;
			productType = "com.apple.product-type.application";
		};
/* End PBXNativeTarget section */

/* Begin PBXProject section */
		83CBB9F71A601CBA00E9B192 /* Project object */ = {
			isa = PBXProject;
			attributes = {
				LastUpgradeCheck = 1210;
				TargetAttributes = {
					00E356ED1AD99517003FC87E = {
						CreatedOnToolsVersion = 6.2;
						TestTargetID = 13B07F861A680F5B00A75B9A;
					};
					13B07F861A680F5B00A75B9A = {
						LastSwiftMigration = 1120;
					};
				};
			};
			buildConfigurationList = 83CBB9FA1A601CBA00E9B192 /* Build configuration list for PBXProject "fyp" */;
			compatibilityVersion = "Xcode 12.0";
			developmentRegion = en;
			hasScannedForEncodings = 0;
			knownRegions = (
				en,
				Base,
			);
			mainGroup = 83CBB9F61A601CBA00E9B192;
			productRefGroup = 83CBBA001A601CBA00E9B192 /* Products */;
			projectDirPath = "";
			projectRoot = "";
			targets = (
				13B07F861A680F5B00A75B9A /* fyp */,
				00E356ED1AD99517003FC87E /* fypTests */,
			);
		};
/* End PBXProject section */

/* Begin PBXResourcesBuildPhase section */
		00E356EC1AD99517003FC87E /* Resources */ = {
			isa = PBXResourcesBuildPhase;
			buildActionMask = 2147483647;
			files = (
			);
			runOnlyForDeploymentPostprocessing = 0;
		};
		13B07F8E1A680F5B00A75B9A /* Resources */ = {
			isa = PBXResourcesBuildPhase;
			buildActionMask = 2147483647;
			files = (
				81AB9BB82411601600AC10FF /* LaunchScreen.storyboard in Resources */,
				13B07FBF1A68108700A75B9A /* Images.xcassets in Resources */,
				49FDE74DBF2F4C35BF9F7839 /* AntDesign.ttf in Resources */,
				51BA5CA1AC4A4A0E995218DC /* Entypo.ttf in Resources */,
				4441DA0CE225402AAFD3AFD3 /* EvilIcons.ttf in Resources */,
				08DB7F2C800C4EF4A848C57F /* Feather.ttf in Resources */,
				4560F74029A74158BFDF51E7 /* FontAwesome.ttf in Resources */,
				BA483D8C5945485FA50274F0 /* FontAwesome5_Brands.ttf in Resources */,
				19CEF779F60B4A75B52FF3D6 /* FontAwesome5_Regular.ttf in Resources */,
				422E20966C52441EBDE881F8 /* FontAwesome5_Solid.ttf in Resources */,
				5B9F4E49ED234171AE08936C /* Fontisto.ttf in Resources */,
				6F7415919C984A3FBA4F375C /* Foundation.ttf in Resources */,
				67206D9747CF40FC973E2271 /* Ionicons.ttf in Resources */,
				B2BC0409B0C6482E9C9E9B53 /* MaterialCommunityIcons.ttf in Resources */,
				5891AB648AB84999926ADE26 /* MaterialIcons.ttf in Resources */,
				F28D5B3A83D5471CBDFBEBA9 /* Octicons.ttf in Resources */,
				89D959DBE9E5435E84614FCF /* SimpleLineIcons.ttf in Resources */,
				555DC9F3D7524F909A4B6C37 /* Zocial.ttf in Resources */,
				8B747F791FFD4CF591DF4BE4 /* AlegreyaSans-Black.ttf in Resources */,
				A57E5D5C1BB44F9D8B2FF09D /* AlegreyaSans-BlackItalic.ttf in Resources */,
				C960E22118A849A4A51C2B88 /* AlegreyaSans-Bold.ttf in Resources */,
				3A8506E2FAC848F99384548F /* AlegreyaSans-BoldItalic.ttf in Resources */,
				E2C5C397614145BFA6F52CF1 /* AlegreyaSans-ExtraBold.ttf in Resources */,
				F04DCAB4C8C741F48E54ACE3 /* AlegreyaSans-ExtraBoldItalic.ttf in Resources */,
				284342B0FD154B41B75F78D1 /* AlegreyaSans-Italic.ttf in Resources */,
				DDAF4EF867964C35BA5B730A /* AlegreyaSans-Light.ttf in Resources */,
				6F43A32BFCFA4619BEC591A9 /* AlegreyaSans-LightItalic.ttf in Resources */,
				92DD78EDCDB643B5AD947C67 /* AlegreyaSans-Medium.ttf in Resources */,
				46D72870372C4E2E885CEE82 /* AlegreyaSans-MediumItalic.ttf in Resources */,
				1F42F3CC7FC5480FABB4AFCF /* AlegreyaSans-Regular.ttf in Resources */,
				FB5E372BAB264BB4A37EF19D /* AlegreyaSans-Thin.ttf in Resources */,
				7F460810D8BB4E399D7606AF /* AlegreyaSans-ThinItalic.ttf in Resources */,
				781D2D3061F848DE9914177D /* AlegreyaSans-Black.ttf in Resources */,
				A3D656EDFC124B958DAFD09F /* AlegreyaSans-BlackItalic.ttf in Resources */,
				FC827C78CDCA453BB95B75B0 /* AlegreyaSans-Bold.ttf in Resources */,
				D1A33A40AF924BEFB50CB3A5 /* AlegreyaSans-BoldItalic.ttf in Resources */,
				6DC56AEE37E04B92AFCC9A42 /* AlegreyaSans-ExtraBold.ttf in Resources */,
				A8791E32741047B8AE3736A6 /* AlegreyaSans-ExtraBoldItalic.ttf in Resources */,
				754166BBB0EC45EA8FD24101 /* AlegreyaSans-Italic.ttf in Resources */,
				0CACD5730DD54E258E73C3D0 /* AlegreyaSans-Light.ttf in Resources */,
				080231A7E9C54DC6B5D3D0C1 /* AlegreyaSans-LightItalic.ttf in Resources */,
				A0EC33F5B9404478A7E2ED66 /* AlegreyaSans-Medium.ttf in Resources */,
				1D554A450DB141169EB3A731 /* AlegreyaSans-MediumItalic.ttf in Resources */,
				FB8B1C430C2C489BB89E0D60 /* AlegreyaSans-Regular.ttf in Resources */,
				B3C65B3B6BBF49B8AA87E37E /* AlegreyaSans-Thin.ttf in Resources */,
				EA6585926BFC4ACD8AE35892 /* AlegreyaSans-ThinItalic.ttf in Resources */,
				F8016FB9F3724E799943C87C /* AntDesign.ttf in Resources */,
				D94DD2DD8092405EB85087F2 /* Entypo.ttf in Resources */,
				65B15C570A57426BB96AA101 /* EvilIcons.ttf in Resources */,
				6DE33C9CCCD9440FB110312C /* Feather.ttf in Resources */,
				1389B456118145A9942C6BE6 /* FontAwesome.ttf in Resources */,
				716BBB0D7A7A44689D97F29C /* FontAwesome5_Brands.ttf in Resources */,
				B39D290E4863433393412FB6 /* FontAwesome5_Regular.ttf in Resources */,
				B6BD94D1B3104865A46AC569 /* FontAwesome5_Solid.ttf in Resources */,
				BB852258DF584CA1B50A7928 /* Fontisto.ttf in Resources */,
				F396FAC1EB344C198BFDF14E /* Foundation.ttf in Resources */,
				9F2E68ECB16944298A859E8D /* Ionicons.ttf in Resources */,
				0F42AF84BFEC491C86AAB40D /* MaterialCommunityIcons.ttf in Resources */,
				BFF987A23FDE4864812D3C85 /* MaterialIcons.ttf in Resources */,
				C2907CD5831D407D9AE473B2 /* Octicons.ttf in Resources */,
				A7AD67F6B58C4FC88F333B6B /* SimpleLineIcons.ttf in Resources */,
				335E133D13BD4CE486BD066F /* Zocial.ttf in Resources */,
			);
			runOnlyForDeploymentPostprocessing = 0;
		};
/* End PBXResourcesBuildPhase section */

/* Begin PBXShellScriptBuildPhase section */
		00DD1BFF1BD5951E006B06BC /* Bundle React Native code and images */ = {
			isa = PBXShellScriptBuildPhase;
			buildActionMask = 2147483647;
			files = (
			);
			inputPaths = (
			);
			name = "Bundle React Native code and images";
			outputPaths = (
			);
			runOnlyForDeploymentPostprocessing = 0;
			shellPath = /bin/sh;
			shellScript = "set -e\n\nexport NODE_BINARY=node\n../node_modules/react-native/scripts/react-native-xcode.sh\n";
		};
		FD10A7F022414F080027D42C /* Start Packager */ = {
			isa = PBXShellScriptBuildPhase;
			buildActionMask = 2147483647;
			files = (
			);
			inputFileListPaths = (
			);
			inputPaths = (
			);
			name = "Start Packager";
			outputFileListPaths = (
			);
			outputPaths = (
			);
			runOnlyForDeploymentPostprocessing = 0;
			shellPath = /bin/sh;
			shellScript = "export RCT_METRO_PORT=\"${RCT_METRO_PORT:=8081}\"\necho \"export RCT_METRO_PORT=${RCT_METRO_PORT}\" > \"${SRCROOT}/../node_modules/react-native/scripts/.packager.env\"\nif [ -z \"${RCT_NO_LAUNCH_PACKAGER+xxx}\" ] ; then\n  if nc -w 5 -z localhost ${RCT_METRO_PORT} ; then\n    if ! curl -s \"http://localhost:${RCT_METRO_PORT}/status\" | grep -q \"packager-status:running\" ; then\n      echo \"Port ${RCT_METRO_PORT} already in use, packager is either not running or not running correctly\"\n      exit 2\n    fi\n  else\n    open \"$SRCROOT/../node_modules/react-native/scripts/launchPackager.command\" || echo \"Can't start packager automatically\"\n  fi\nfi\n";
			showEnvVarsInLog = 0;
		};
/* End PBXShellScriptBuildPhase section */

/* Begin PBXSourcesBuildPhase section */
		00E356EA1AD99517003FC87E /* Sources */ = {
			isa = PBXSourcesBuildPhase;
			buildActionMask = 2147483647;
			files = (
				00E356F31AD99517003FC87E /* fypTests.m in Sources */,
			);
			runOnlyForDeploymentPostprocessing = 0;
		};
		13B07F871A680F5B00A75B9A /* Sources */ = {
			isa = PBXSourcesBuildPhase;
			buildActionMask = 2147483647;
			files = (
				13B07FBC1A68108700A75B9A /* AppDelegate.m in Sources */,
				13B07FC11A68108700A75B9A /* main.m in Sources */,
			);
			runOnlyForDeploymentPostprocessing = 0;
		};
/* End PBXSourcesBuildPhase section */

/* Begin PBXTargetDependency section */
		00E356F51AD99517003FC87E /* PBXTargetDependency */ = {
			isa = PBXTargetDependency;
			target = 13B07F861A680F5B00A75B9A /* fyp */;
			targetProxy = 00E356F41AD99517003FC87E /* PBXContainerItemProxy */;
		};
/* End PBXTargetDependency section */

/* Begin XCBuildConfiguration section */
		00E356F61AD99517003FC87E /* Debug */ = {
			isa = XCBuildConfiguration;
			buildSettings = {
				BUNDLE_LOADER = "$(TEST_HOST)";
				GCC_PREPROCESSOR_DEFINITIONS = (
					"DEBUG=1",
					"$(inherited)",
				);
				INFOPLIST_FILE = fypTests/Info.plist;
				IPHONEOS_DEPLOYMENT_TARGET = 11.0;
				LD_RUNPATH_SEARCH_PATHS = (
					"$(inherited)",
					"@executable_path/Frameworks",
					"@loader_path/Frameworks",
				);
				OTHER_LDFLAGS = (
					"-ObjC",
					"-lc++",
					"$(inherited)",
				);
				PRODUCT_BUNDLE_IDENTIFIER = "org.reactjs.native.example.$(PRODUCT_NAME:rfc1034identifier)";
				PRODUCT_NAME = "$(TARGET_NAME)";
				TEST_HOST = "$(BUILT_PRODUCTS_DIR)/fyp.app/fyp";
			};
			name = Debug;
		};
		00E356F71AD99517003FC87E /* Release */ = {
			isa = XCBuildConfiguration;
			buildSettings = {
				BUNDLE_LOADER = "$(TEST_HOST)";
				COPY_PHASE_STRIP = NO;
				INFOPLIST_FILE = fypTests/Info.plist;
				IPHONEOS_DEPLOYMENT_TARGET = 11.0;
				LD_RUNPATH_SEARCH_PATHS = (
					"$(inherited)",
					"@executable_path/Frameworks",
					"@loader_path/Frameworks",
				);
				OTHER_LDFLAGS = (
					"-ObjC",
					"-lc++",
					"$(inherited)",
				);
				PRODUCT_BUNDLE_IDENTIFIER = "org.reactjs.native.example.$(PRODUCT_NAME:rfc1034identifier)";
				PRODUCT_NAME = "$(TARGET_NAME)";
				TEST_HOST = "$(BUILT_PRODUCTS_DIR)/fyp.app/fyp";
			};
			name = Release;
		};
		13B07F941A680F5B00A75B9A /* Debug */ = {
			isa = XCBuildConfiguration;
			buildSettings = {
				ASSETCATALOG_COMPILER_APPICON_NAME = AppIcon;
				CLANG_ENABLE_MODULES = YES;
				CURRENT_PROJECT_VERSION = 1;
				ENABLE_BITCODE = NO;
				INFOPLIST_FILE = fyp/Info.plist;
				LD_RUNPATH_SEARCH_PATHS = (
					"$(inherited)",
					"@executable_path/Frameworks",
				);
				OTHER_LDFLAGS = (
					"$(inherited)",
					"-ObjC",
					"-lc++",
				);
				PRODUCT_BUNDLE_IDENTIFIER = "org.reactjs.native.example.$(PRODUCT_NAME:rfc1034identifier)";
				PRODUCT_NAME = fyp;
				SWIFT_OPTIMIZATION_LEVEL = "-Onone";
				SWIFT_VERSION = 5.0;
				VERSIONING_SYSTEM = "apple-generic";
			};
			name = Debug;
		};
		13B07F951A680F5B00A75B9A /* Release */ = {
			isa = XCBuildConfiguration;
			buildSettings = {
				ASSETCATALOG_COMPILER_APPICON_NAME = AppIcon;
				CLANG_ENABLE_MODULES = YES;
				CURRENT_PROJECT_VERSION = 1;
				INFOPLIST_FILE = fyp/Info.plist;
				LD_RUNPATH_SEARCH_PATHS = (
					"$(inherited)",
					"@executable_path/Frameworks",
				);
				OTHER_LDFLAGS = (
					"$(inherited)",
					"-ObjC",
					"-lc++",
				);
				PRODUCT_BUNDLE_IDENTIFIER = "org.reactjs.native.example.$(PRODUCT_NAME:rfc1034identifier)";
				PRODUCT_NAME = fyp;
				SWIFT_VERSION = 5.0;
				VERSIONING_SYSTEM = "apple-generic";
			};
			name = Release;
		};
		83CBBA201A601CBA00E9B192 /* Debug */ = {
			isa = XCBuildConfiguration;
			buildSettings = {
				ALWAYS_SEARCH_USER_PATHS = NO;
				CLANG_ANALYZER_LOCALIZABILITY_NONLOCALIZED = YES;
				CLANG_CXX_LANGUAGE_STANDARD = "gnu++0x";
				CLANG_CXX_LIBRARY = "libc++";
				CLANG_ENABLE_MODULES = YES;
				CLANG_ENABLE_OBJC_ARC = YES;
				CLANG_WARN_BLOCK_CAPTURE_AUTORELEASING = YES;
				CLANG_WARN_BOOL_CONVERSION = YES;
				CLANG_WARN_COMMA = YES;
				CLANG_WARN_CONSTANT_CONVERSION = YES;
				CLANG_WARN_DEPRECATED_OBJC_IMPLEMENTATIONS = YES;
				CLANG_WARN_DIRECT_OBJC_ISA_USAGE = YES_ERROR;
				CLANG_WARN_EMPTY_BODY = YES;
				CLANG_WARN_ENUM_CONVERSION = YES;
				CLANG_WARN_INFINITE_RECURSION = YES;
				CLANG_WARN_INT_CONVERSION = YES;
				CLANG_WARN_NON_LITERAL_NULL_CONVERSION = YES;
				CLANG_WARN_OBJC_IMPLICIT_RETAIN_SELF = YES;
				CLANG_WARN_OBJC_LITERAL_CONVERSION = YES;
				CLANG_WARN_OBJC_ROOT_CLASS = YES_ERROR;
				CLANG_WARN_QUOTED_INCLUDE_IN_FRAMEWORK_HEADER = YES;
				CLANG_WARN_RANGE_LOOP_ANALYSIS = YES;
				CLANG_WARN_STRICT_PROTOTYPES = YES;
				CLANG_WARN_SUSPICIOUS_MOVE = YES;
				CLANG_WARN_UNREACHABLE_CODE = YES;
				CLANG_WARN__DUPLICATE_METHOD_MATCH = YES;
				"CODE_SIGN_IDENTITY[sdk=iphoneos*]" = "iPhone Developer";
				COPY_PHASE_STRIP = NO;
				ENABLE_STRICT_OBJC_MSGSEND = YES;
				ENABLE_TESTABILITY = YES;
				GCC_C_LANGUAGE_STANDARD = gnu99;
				GCC_DYNAMIC_NO_PIC = NO;
				GCC_NO_COMMON_BLOCKS = YES;
				GCC_OPTIMIZATION_LEVEL = 0;
				GCC_PREPROCESSOR_DEFINITIONS = (
					"DEBUG=1",
					"$(inherited)",
				);
				GCC_SYMBOLS_PRIVATE_EXTERN = NO;
				GCC_WARN_64_TO_32_BIT_CONVERSION = YES;
				GCC_WARN_ABOUT_RETURN_TYPE = YES_ERROR;
				GCC_WARN_UNDECLARED_SELECTOR = YES;
				GCC_WARN_UNINITIALIZED_AUTOS = YES_AGGRESSIVE;
				GCC_WARN_UNUSED_FUNCTION = YES;
				GCC_WARN_UNUSED_VARIABLE = YES;
				IPHONEOS_DEPLOYMENT_TARGET = 11.0;
				LD_RUNPATH_SEARCH_PATHS = (
					/usr/lib/swift,
					"$(inherited)",
				);
				LIBRARY_SEARCH_PATHS = (
					"\"$(SDKROOT)/usr/lib/swift\"",
					"\"$(TOOLCHAIN_DIR)/usr/lib/swift/$(PLATFORM_NAME)\"",
					"\"$(TOOLCHAIN_DIR)/usr/lib/swift-5.0/$(PLATFORM_NAME)\"",
					"\"$(inherited)\"",
				);
				MTL_ENABLE_DEBUG_INFO = YES;
				ONLY_ACTIVE_ARCH = YES;
				SDKROOT = iphoneos;
			};
			name = Debug;
		};
		83CBBA211A601CBA00E9B192 /* Release */ = {
			isa = XCBuildConfiguration;
			buildSettings = {
				ALWAYS_SEARCH_USER_PATHS = NO;
				CLANG_ANALYZER_LOCALIZABILITY_NONLOCALIZED = YES;
				CLANG_CXX_LANGUAGE_STANDARD = "gnu++0x";
				CLANG_CXX_LIBRARY = "libc++";
				CLANG_ENABLE_MODULES = YES;
				CLANG_ENABLE_OBJC_ARC = YES;
				CLANG_WARN_BLOCK_CAPTURE_AUTORELEASING = YES;
				CLANG_WARN_BOOL_CONVERSION = YES;
				CLANG_WARN_COMMA = YES;
				CLANG_WARN_CONSTANT_CONVERSION = YES;
				CLANG_WARN_DEPRECATED_OBJC_IMPLEMENTATIONS = YES;
				CLANG_WARN_DIRECT_OBJC_ISA_USAGE = YES_ERROR;
				CLANG_WARN_EMPTY_BODY = YES;
				CLANG_WARN_ENUM_CONVERSION = YES;
				CLANG_WARN_INFINITE_RECURSION = YES;
				CLANG_WARN_INT_CONVERSION = YES;
				CLANG_WARN_NON_LITERAL_NULL_CONVERSION = YES;
				CLANG_WARN_OBJC_IMPLICIT_RETAIN_SELF = YES;
				CLANG_WARN_OBJC_LITERAL_CONVERSION = YES;
				CLANG_WARN_OBJC_ROOT_CLASS = YES_ERROR;
				CLANG_WARN_QUOTED_INCLUDE_IN_FRAMEWORK_HEADER = YES;
				CLANG_WARN_RANGE_LOOP_ANALYSIS = YES;
				CLANG_WARN_STRICT_PROTOTYPES = YES;
				CLANG_WARN_SUSPICIOUS_MOVE = YES;
				CLANG_WARN_UNREACHABLE_CODE = YES;
				CLANG_WARN__DUPLICATE_METHOD_MATCH = YES;
				"CODE_SIGN_IDENTITY[sdk=iphoneos*]" = "iPhone Developer";
				COPY_PHASE_STRIP = YES;
				ENABLE_NS_ASSERTIONS = NO;
				ENABLE_STRICT_OBJC_MSGSEND = YES;
				GCC_C_LANGUAGE_STANDARD = gnu99;
				GCC_NO_COMMON_BLOCKS = YES;
				GCC_WARN_64_TO_32_BIT_CONVERSION = YES;
				GCC_WARN_ABOUT_RETURN_TYPE = YES_ERROR;
				GCC_WARN_UNDECLARED_SELECTOR = YES;
				GCC_WARN_UNINITIALIZED_AUTOS = YES_AGGRESSIVE;
				GCC_WARN_UNUSED_FUNCTION = YES;
				GCC_WARN_UNUSED_VARIABLE = YES;
				IPHONEOS_DEPLOYMENT_TARGET = 11.0;
				LD_RUNPATH_SEARCH_PATHS = (
					/usr/lib/swift,
					"$(inherited)",
				);
				LIBRARY_SEARCH_PATHS = (
					"\"$(SDKROOT)/usr/lib/swift\"",
					"\"$(TOOLCHAIN_DIR)/usr/lib/swift/$(PLATFORM_NAME)\"",
					"\"$(TOOLCHAIN_DIR)/usr/lib/swift-5.0/$(PLATFORM_NAME)\"",
					"\"$(inherited)\"",
				);
				MTL_ENABLE_DEBUG_INFO = NO;
				SDKROOT = iphoneos;
				VALIDATE_PRODUCT = YES;
			};
			name = Release;
		};
/* End XCBuildConfiguration section */

/* Begin XCConfigurationList section */
		00E357021AD99517003FC87E /* Build configuration list for PBXNativeTarget "fypTests" */ = {
			isa = XCConfigurationList;
			buildConfigurations = (
				00E356F61AD99517003FC87E /* Debug */,
				00E356F71AD99517003FC87E /* Release */,
			);
			defaultConfigurationIsVisible = 0;
			defaultConfigurationName = Release;
		};
		13B07F931A680F5B00A75B9A /* Build configuration list for PBXNativeTarget "fyp" */ = {
			isa = XCConfigurationList;
			buildConfigurations = (
				13B07F941A680F5B00A75B9A /* Debug */,
				13B07F951A680F5B00A75B9A /* Release */,
			);
			defaultConfigurationIsVisible = 0;
			defaultConfigurationName = Release;
		};
		83CBB9FA1A601CBA00E9B192 /* Build configuration list for PBXProject "fyp" */ = {
			isa = XCConfigurationList;
			buildConfigurations = (
				83CBBA201A601CBA00E9B192 /* Debug */,
				83CBBA211A601CBA00E9B192 /* Release */,
			);
			defaultConfigurationIsVisible = 0;
			defaultConfigurationName = Release;
		};
/* End XCConfigurationList section */
	};
	rootObject = 83CBB9F71A601CBA00E9B192 /* Project object */;
}
